
Microsoft Visual Studio Solution File, Format Version 12.00
# Visual Studio Version 17
VisualStudioVersion = 17.8.34309.116
MinimumVisualStudioVersion = 10.0.40219.1
Project("{FAE04EC0-301F-11D3-BF4B-00C04F79EFBC}") = "Dummy.Api", "Dummy.Api\Dummy.Api.csproj", "{E72AE54E-DDC8-49D7-94AE-35DD19892998}"
EndProject
Project("{FAE04EC0-301F-11D3-BF4B-00C04F79EFBC}") = "Dummy.Core", "Dummy.Core\Dummy.Core.csproj", "{B35872E9-E9CE-4660-B033-0FCCEEC84F4B}"
EndProject
Global
	GlobalSection(SolutionConfigurationPlatforms) = preSolution
		Debug|Any CPU = Debug|Any CPU
		Release|Any CPU = Release|Any CPU
	EndGlobalSection
	GlobalSection(ProjectConfigurationPlatforms) = postSolution
		{E72AE54E-DDC8-49D7-94AE-35DD19892998}.Debug|Any CPU.ActiveCfg = Debug|Any CPU
		{E72AE54E-DDC8-49D7-94AE-35DD19892998}.Debug|Any CPU.Build.0 = Debug|Any CPU
		{E72AE54E-DDC8-49D7-94AE-35DD19892998}.Release|Any CPU.ActiveCfg = Release|Any CPU
		{E72AE54E-DDC8-49D7-94AE-35DD19892998}.Release|Any CPU.Build.0 = Release|Any CPU
		{B35872E9-E9CE-4660-B033-0FCCEEC84F4B}.Debug|Any CPU.ActiveCfg = Debug|Any CPU
		{B35872E9-E9CE-4660-B033-0FCCEEC84F4B}.Debug|Any CPU.Build.0 = Debug|Any CPU
		{B35872E9-E9CE-4660-B033-0FCCEEC84F4B}.Release|Any CPU.ActiveCfg = Release|Any CPU
		{B35872E9-E9CE-4660-B033-0FCCEEC84F4B}.Release|Any CPU.Build.0 = Release|Any CPU
	EndGlobalSection
	GlobalSection(SolutionProperties) = preSolution
		HideSolutionNode = FALSE
	EndGlobalSection
	GlobalSection(ExtensibilityGlobals) = postSolution
		SolutionGuid = {9430BBF1-F585-4215-8FBF-EECBD4CC9FEF}
	EndGlobalSection
EndGlobal
