
Microsoft Visual Studio Solution File, Format Version 12.00
# Visual Studio Version 17
VisualStudioVersion = 17.8.34309.116
MinimumVisualStudioVersion = 10.0.40219.1
Project("{FAE04EC0-301F-11D3-BF4B-00C04F79EFBC}") = "Dummy.Domain", "Dummy.Domain\Dummy.Domain.csproj", "{CAB0371A-D30E-40EE-AF54-BF5AB4F786EE}"
EndProject
Global
	GlobalSection(SolutionConfigurationPlatforms) = preSolution
		Debug|Any CPU = Debug|Any CPU
		Release|Any CPU = Release|Any CPU
	EndGlobalSection
	GlobalSection(ProjectConfigurationPlatforms) = postSolution
		{CAB0371A-D30E-40EE-AF54-BF5AB4F786EE}.Debug|Any CPU.ActiveCfg = Debug|Any CPU
		{CAB0371A-D30E-40EE-AF54-BF5AB4F786EE}.Debug|Any CPU.Build.0 = Debug|Any CPU
		{CAB0371A-D30E-40EE-AF54-BF5AB4F786EE}.Release|Any CPU.ActiveCfg = Release|Any CPU
		{CAB0371A-D30E-40EE-AF54-BF5AB4F786EE}.Release|Any CPU.Build.0 = Release|Any CPU
	EndGlobalSection
	GlobalSection(SolutionProperties) = preSolution
		HideSolutionNode = FALSE
	EndGlobalSection
	GlobalSection(ExtensibilityGlobals) = postSolution
		SolutionGuid = {7B0375FA-5D21-4A70-9739-F7C61CF11E5A}
	EndGlobalSection
EndGlobal
